// !$*UTF8*$!
{
	archiveVersion = 1;
	classes = {
	};
	objectVersion = 46;
	objects = {

/* Begin PBXBuildFile section */
		6407EC1B1E9F28CF00988A01 /* AppDownLoadVC.m in Sources */ = {isa = PBXBuildFile; fileRef = 6407EC1A1E9F28CF00988A01 /* AppDownLoadVC.m */; };
		643477B01EC55B1C007AB63F /* SuggestionsViewController.m in Sources */ = {isa = PBXBuildFile; fileRef = 643477AF1EC55B1C007AB63F /* SuggestionsViewController.m */; };
		643477B61EC5603B007AB63F /* UIImage+Extension.m in Sources */ = {isa = PBXBuildFile; fileRef = 643477B31EC5603B007AB63F /* UIImage+Extension.m */; };
		643477B71EC5603B007AB63F /* UIView+MJ.m in Sources */ = {isa = PBXBuildFile; fileRef = 643477B51EC5603B007AB63F /* UIView+MJ.m */; };
		643477C91EC56081007AB63F /* libGDTMobSDK.a in Frameworks */ = {isa = PBXBuildFile; fileRef = 643477C81EC56081007AB63F /* libGDTMobSDK.a */; };
		643477D41EC560CE007AB63F /* CKAlertViewController.m in Sources */ = {isa = PBXBuildFile; fileRef = 643477CD1EC560CE007AB63F /* CKAlertViewController.m */; };
		643477D51EC560CE007AB63F /* GGActionSheet.m in Sources */ = {isa = PBXBuildFile; fileRef = 643477D01EC560CE007AB63F /* GGActionSheet.m */; };
		643477D61EC560CE007AB63F /* LSSAlertView.m in Sources */ = {isa = PBXBuildFile; fileRef = 643477D31EC560CE007AB63F /* LSSAlertView.m */; };
		643478041EC5614F007AB63F /* FirstVideosViewController.m in Sources */ = {isa = PBXBuildFile; fileRef = 643477DA1EC5614F007AB63F /* FirstVideosViewController.m */; };
		643478051EC5614F007AB63F /* FourViewController.m in Sources */ = {isa = PBXBuildFile; fileRef = 643477DC1EC5614F007AB63F /* FourViewController.m */; };
		643478061EC5614F007AB63F /* GreatVideoViewController.m in Sources */ = {isa = PBXBuildFile; fileRef = 643477DE1EC5614F007AB63F /* GreatVideoViewController.m */; };
		643478071EC5614F007AB63F /* XSMediaPlayer.m in Sources */ = {isa = PBXBuildFile; fileRef = 643477E11EC5614F007AB63F /* XSMediaPlayer.m */; };
		643478081EC5614F007AB63F /* XSMediaPlayerMaskView.m in Sources */ = {isa = PBXBuildFile; fileRef = 643477E31EC5614F007AB63F /* XSMediaPlayerMaskView.m */; };
		643478091EC5614F007AB63F /* SecondViewController.m in Sources */ = {isa = PBXBuildFile; fileRef = 643477E51EC5614F007AB63F /* SecondViewController.m */; };
		6434780A1EC5614F007AB63F /* ThirdViewController.m in Sources */ = {isa = PBXBuildFile; fileRef = 643477E71EC5614F007AB63F /* ThirdViewController.m */; };
		6434780B1EC5614F007AB63F /* VideosModel.m in Sources */ = {isa = PBXBuildFile; fileRef = 643477E91EC5614F007AB63F /* VideosModel.m */; };
		6434780C1EC5614F007AB63F /* VideosPlayerViewController.m in Sources */ = {isa = PBXBuildFile; fileRef = 643477EB1EC5614F007AB63F /* VideosPlayerViewController.m */; };
		6434780D1EC5614F007AB63F /* MovieFirstViewController.m in Sources */ = {isa = PBXBuildFile; fileRef = 643477EE1EC5614F007AB63F /* MovieFirstViewController.m */; };
		6434780E1EC5614F007AB63F /* MovieFourViewController.m in Sources */ = {isa = PBXBuildFile; fileRef = 643477F01EC5614F007AB63F /* MovieFourViewController.m */; };
		6434780F1EC5614F007AB63F /* MovieSecondViewController.m in Sources */ = {isa = PBXBuildFile; fileRef = 643477F21EC5614F007AB63F /* MovieSecondViewController.m */; };
		643478101EC5614F007AB63F /* MovieThirViewController.m in Sources */ = {isa = PBXBuildFile; fileRef = 643477F41EC5614F007AB63F /* MovieThirViewController.m */; };
		643478111EC5614F007AB63F /* MovieViewController.m in Sources */ = {isa = PBXBuildFile; fileRef = 643477F61EC5614F007AB63F /* MovieViewController.m */; };
		643478121EC5614F007AB63F /* TVFirstViewController.m in Sources */ = {isa = PBXBuildFile; fileRef = 643477F91EC5614F007AB63F /* TVFirstViewController.m */; };
		643478131EC5614F007AB63F /* TVFourViewController.m in Sources */ = {isa = PBXBuildFile; fileRef = 643477FB1EC5614F007AB63F /* TVFourViewController.m */; };
		643478141EC5614F007AB63F /* TVSecondViewController.m in Sources */ = {isa = PBXBuildFile; fileRef = 643477FD1EC5614F007AB63F /* TVSecondViewController.m */; };
		643478151EC5614F007AB63F /* TVThirdViewController.m in Sources */ = {isa = PBXBuildFile; fileRef = 643477FF1EC5614F007AB63F /* TVThirdViewController.m */; };
		643478161EC5614F007AB63F /* TVViewController.m in Sources */ = {isa = PBXBuildFile; fileRef = 643478011EC5614F007AB63F /* TVViewController.m */; };
		643478171EC5614F007AB63F /* VideosDetailViewController.m in Sources */ = {isa = PBXBuildFile; fileRef = 643478031EC5614F007AB63F /* VideosDetailViewController.m */; };
		6498E4C41E9C8AB300E91026 /* main.m in Sources */ = {isa = PBXBuildFile; fileRef = 6498E4C31E9C8AB300E91026 /* main.m */; };
		6498E4C71E9C8AB400E91026 /* AppDelegate.m in Sources */ = {isa = PBXBuildFile; fileRef = 6498E4C61E9C8AB400E91026 /* AppDelegate.m */; };
		6498E4CD1E9C8AB400E91026 /* Main.storyboard in Resources */ = {isa = PBXBuildFile; fileRef = 6498E4CB1E9C8AB400E91026 /* Main.storyboard */; };
		6498E4CF1E9C8AB400E91026 /* Assets.xcassets in Resources */ = {isa = PBXBuildFile; fileRef = 6498E4CE1E9C8AB400E91026 /* Assets.xcassets */; };
		6498E4D21E9C8AB400E91026 /* LaunchScreen.storyboard in Resources */ = {isa = PBXBuildFile; fileRef = 6498E4D01E9C8AB400E91026 /* LaunchScreen.storyboard */; };
		6498E4DD1E9C8AB400E91026 /* MyVideoTests.m in Sources */ = {isa = PBXBuildFile; fileRef = 6498E4DC1E9C8AB400E91026 /* MyVideoTests.m */; };
		6498E4E81E9C8AB400E91026 /* MyVideoUITests.m in Sources */ = {isa = PBXBuildFile; fileRef = 6498E4E71E9C8AB400E91026 /* MyVideoUITests.m */; };
		6498E5BF1E9C8B8F00E91026 /* MovieBaseViewController.m in Sources */ = {isa = PBXBuildFile; fileRef = 6498E5201E9C8B8F00E91026 /* MovieBaseViewController.m */; };
		6498E5C01E9C8B8F00E91026 /* MovieTabBarViewController.m in Sources */ = {isa = PBXBuildFile; fileRef = 6498E5221E9C8B8F00E91026 /* MovieTabBarViewController.m */; };
		6498E5C11E9C8B8F00E91026 /* AFNetworkingManager.m in Sources */ = {isa = PBXBuildFile; fileRef = 6498E5251E9C8B8F00E91026 /* AFNetworkingManager.m */; };
		6498E5C21E9C8B8F00E91026 /* BaoHistoryManger.m in Sources */ = {isa = PBXBuildFile; fileRef = 6498E5271E9C8B8F00E91026 /* BaoHistoryManger.m */; };
		6498E5C41E9C8B8F00E91026 /* Foundation+Log.m in Sources */ = {isa = PBXBuildFile; fileRef = 6498E52B1E9C8B8F00E91026 /* Foundation+Log.m */; };
		6498E5C61E9C8B8F00E91026 /* PlayerTool.m in Sources */ = {isa = PBXBuildFile; fileRef = 6498E5301E9C8B8F00E91026 /* PlayerTool.m */; };
		6498E5C91E9C8B8F00E91026 /* CollectViewController.m in Sources */ = {isa = PBXBuildFile; fileRef = 6498E5381E9C8B8F00E91026 /* CollectViewController.m */; };
		6498E5CA1E9C8B8F00E91026 /* MySettingViewController.m in Sources */ = {isa = PBXBuildFile; fileRef = 6498E53A1E9C8B8F00E91026 /* MySettingViewController.m */; };
		6498E5CB1E9C8B8F00E91026 /* XBSettingItemModel.m in Sources */ = {isa = PBXBuildFile; fileRef = 6498E53D1E9C8B8F00E91026 /* XBSettingItemModel.m */; };
		6498E5CC1E9C8B8F00E91026 /* XBSettingSectionModel.m in Sources */ = {isa = PBXBuildFile; fileRef = 6498E53F1E9C8B8F00E91026 /* XBSettingSectionModel.m */; };
		6498E5CD1E9C8B8F00E91026 /* EPProgressShow.m in Sources */ = {isa = PBXBuildFile; fileRef = 6498E5421E9C8B8F00E91026 /* EPProgressShow.m */; };
		6498E5CE1E9C8B8F00E91026 /* PDKeyChain.m in Sources */ = {isa = PBXBuildFile; fileRef = 6498E5451E9C8B8F00E91026 /* PDKeyChain.m */; };
		6498E5CF1E9C8B8F00E91026 /* UIView+XBExtension.m in Sources */ = {isa = PBXBuildFile; fileRef = 6498E5471E9C8B8F00E91026 /* UIView+XBExtension.m */; };
		6498E5D01E9C8B8F00E91026 /* XBSettingCell.m in Sources */ = {isa = PBXBuildFile; fileRef = 6498E54A1E9C8B8F00E91026 /* XBSettingCell.m */; };
		6498E5D11E9C8B8F00E91026 /* PYSearch.bundle in Resources */ = {isa = PBXBuildFile; fileRef = 6498E54D1E9C8B8F00E91026 /* PYSearch.bundle */; };
		6498E5D21E9C8B8F00E91026 /* PYSearchConst.m in Sources */ = {isa = PBXBuildFile; fileRef = 6498E5501E9C8B8F00E91026 /* PYSearchConst.m */; };
		6498E5D31E9C8B8F00E91026 /* PYSearchViewController.m in Sources */ = {isa = PBXBuildFile; fileRef = 6498E5521E9C8B8F00E91026 /* PYSearchViewController.m */; };
		6498E5D41E9C8B8F00E91026 /* UIColor+PYSearchExtension.m in Sources */ = {isa = PBXBuildFile; fileRef = 6498E5541E9C8B8F00E91026 /* UIColor+PYSearchExtension.m */; };
		6498E5D51E9C8B8F00E91026 /* UIView+PYSearchExtension.m in Sources */ = {isa = PBXBuildFile; fileRef = 6498E5561E9C8B8F00E91026 /* UIView+PYSearchExtension.m */; };
		6498E5D61E9C8B8F00E91026 /* SearchCollectionViewCell.m in Sources */ = {isa = PBXBuildFile; fileRef = 6498E5581E9C8B8F00E91026 /* SearchCollectionViewCell.m */; };
		6498E5D71E9C8B8F00E91026 /* SearchModel.m in Sources */ = {isa = PBXBuildFile; fileRef = 6498E55A1E9C8B8F00E91026 /* SearchModel.m */; };
		6498E5D81E9C8B8F00E91026 /* SearchViewController.m in Sources */ = {isa = PBXBuildFile; fileRef = 6498E55C1E9C8B8F00E91026 /* SearchViewController.m */; };
		6498E6121E9C8BF500E91026 /* MovieNagationViewController.m in Sources */ = {isa = PBXBuildFile; fileRef = 6498E6111E9C8BF500E91026 /* MovieNagationViewController.m */; };
		6498E6311E9C998000E91026 /* ViewController.m in Sources */ = {isa = PBXBuildFile; fileRef = 6498E6301E9C998000E91026 /* ViewController.m */; };
		D6FE799256FAAD2C95863EBA /* libPods-MyVideo.a in Frameworks */ = {isa = PBXBuildFile; fileRef = 3D84C3A362FDD332A9227782 /* libPods-MyVideo.a */; };
/* End PBXBuildFile section */

/* Begin PBXContainerItemProxy section */
		6498E4D91E9C8AB400E91026 /* PBXContainerItemProxy */ = {
			isa = PBXContainerItemProxy;
			containerPortal = 6498E4B71E9C8AB300E91026 /* Project object */;
			proxyType = 1;
			remoteGlobalIDString = 6498E4BE1E9C8AB300E91026;
			remoteInfo = MyVideo;
		};
		6498E4E41E9C8AB400E91026 /* PBXContainerItemProxy */ = {
			isa = PBXContainerItemProxy;
			containerPortal = 6498E4B71E9C8AB300E91026 /* Project object */;
			proxyType = 1;
			remoteGlobalIDString = 6498E4BE1E9C8AB300E91026;
			remoteInfo = MyVideo;
		};
/* End PBXContainerItemProxy section */

/* Begin PBXFileReference section */
		3D84C3A362FDD332A9227782 /* libPods-MyVideo.a */ = {isa = PBXFileReference; explicitFileType = archive.ar; includeInIndex = 0; path = "libPods-MyVideo.a"; sourceTree = BUILT_PRODUCTS_DIR; };
		6407EC191E9F28CF00988A01 /* AppDownLoadVC.h */ = {isa = PBXFileReference; fileEncoding = 4; lastKnownFileType = sourcecode.c.h; path = AppDownLoadVC.h; sourceTree = "<group>"; };
		6407EC1A1E9F28CF00988A01 /* AppDownLoadVC.m */ = {isa = PBXFileReference; fileEncoding = 4; lastKnownFileType = sourcecode.c.objc; path = AppDownLoadVC.m; sourceTree = "<group>"; };
		643477A91EC55668007AB63F /* Api.h */ = {isa = PBXFileReference; fileEncoding = 4; lastKnownFileType = sourcecode.c.h; path = Api.h; sourceTree = "<group>"; };
		643477AE1EC55B1C007AB63F /* SuggestionsViewController.h */ = {isa = PBXFileReference; fileEncoding = 4; lastKnownFileType = sourcecode.c.h; path = SuggestionsViewController.h; sourceTree = "<group>"; };
		643477AF1EC55B1C007AB63F /* SuggestionsViewController.m */ = {isa = PBXFileReference; fileEncoding = 4; lastKnownFileType = sourcecode.c.objc; path = SuggestionsViewController.m; sourceTree = "<group>"; };
		643477B21EC5603B007AB63F /* UIImage+Extension.h */ = {isa = PBXFileReference; fileEncoding = 4; lastKnownFileType = sourcecode.c.h; path = "UIImage+Extension.h"; sourceTree = "<group>"; };
		643477B31EC5603B007AB63F /* UIImage+Extension.m */ = {isa = PBXFileReference; fileEncoding = 4; lastKnownFileType = sourcecode.c.objc; path = "UIImage+Extension.m"; sourceTree = "<group>"; };
		643477B41EC5603B007AB63F /* UIView+MJ.h */ = {isa = PBXFileReference; fileEncoding = 4; lastKnownFileType = sourcecode.c.h; path = "UIView+MJ.h"; sourceTree = "<group>"; };
		643477B51EC5603B007AB63F /* UIView+MJ.m */ = {isa = PBXFileReference; fileEncoding = 4; lastKnownFileType = sourcecode.c.objc; path = "UIView+MJ.m"; sourceTree = "<group>"; };
		643477C31EC56081007AB63F /* GDTMobBannerView.h */ = {isa = PBXFileReference; fileEncoding = 4; lastKnownFileType = sourcecode.c.h; path = GDTMobBannerView.h; sourceTree = "<group>"; };
		643477C41EC56081007AB63F /* GDTMobInterstitial.h */ = {isa = PBXFileReference; fileEncoding = 4; lastKnownFileType = sourcecode.c.h; path = GDTMobInterstitial.h; sourceTree = "<group>"; };
		643477C51EC56081007AB63F /* GDTNativeAd.h */ = {isa = PBXFileReference; fileEncoding = 4; lastKnownFileType = sourcecode.c.h; path = GDTNativeAd.h; sourceTree = "<group>"; };
		643477C61EC56081007AB63F /* GDTSplashAd.h */ = {isa = PBXFileReference; fileEncoding = 4; lastKnownFileType = sourcecode.c.h; path = GDTSplashAd.h; sourceTree = "<group>"; };
		643477C71EC56081007AB63F /* GDTTrack.h */ = {isa = PBXFileReference; fileEncoding = 4; lastKnownFileType = sourcecode.c.h; path = GDTTrack.h; sourceTree = "<group>"; };
		643477C81EC56081007AB63F /* libGDTMobSDK.a */ = {isa = PBXFileReference; lastKnownFileType = archive.ar; path = libGDTMobSDK.a; sourceTree = "<group>"; };
		643477CC1EC560CE007AB63F /* CKAlertViewController.h */ = {isa = PBXFileReference; fileEncoding = 4; lastKnownFileType = sourcecode.c.h; path = CKAlertViewController.h; sourceTree = "<group>"; };
		643477CD1EC560CE007AB63F /* CKAlertViewController.m */ = {isa = PBXFileReference; fileEncoding = 4; lastKnownFileType = sourcecode.c.objc; path = CKAlertViewController.m; sourceTree = "<group>"; };
		643477CF1EC560CE007AB63F /* GGActionSheet.h */ = {isa = PBXFileReference; fileEncoding = 4; lastKnownFileType = sourcecode.c.h; path = GGActionSheet.h; sourceTree = "<group>"; };
		643477D01EC560CE007AB63F /* GGActionSheet.m */ = {isa = PBXFileReference; fileEncoding = 4; lastKnownFileType = sourcecode.c.objc; path = GGActionSheet.m; sourceTree = "<group>"; };
		643477D21EC560CE007AB63F /* LSSAlertView.h */ = {isa = PBXFileReference; fileEncoding = 4; lastKnownFileType = sourcecode.c.h; path = LSSAlertView.h; sourceTree = "<group>"; };
		643477D31EC560CE007AB63F /* LSSAlertView.m */ = {isa = PBXFileReference; fileEncoding = 4; lastKnownFileType = sourcecode.c.objc; path = LSSAlertView.m; sourceTree = "<group>"; };
		643477D91EC5614F007AB63F /* FirstVideosViewController.h */ = {isa = PBXFileReference; fileEncoding = 4; lastKnownFileType = sourcecode.c.h; path = FirstVideosViewController.h; sourceTree = "<group>"; };
		643477DA1EC5614F007AB63F /* FirstVideosViewController.m */ = {isa = PBXFileReference; fileEncoding = 4; lastKnownFileType = sourcecode.c.objc; path = FirstVideosViewController.m; sourceTree = "<group>"; };
		643477DB1EC5614F007AB63F /* FourViewController.h */ = {isa = PBXFileReference; fileEncoding = 4; lastKnownFileType = sourcecode.c.h; path = FourViewController.h; sourceTree = "<group>"; };
		643477DC1EC5614F007AB63F /* FourViewController.m */ = {isa = PBXFileReference; fileEncoding = 4; lastKnownFileType = sourcecode.c.objc; path = FourViewController.m; sourceTree = "<group>"; };
		643477DD1EC5614F007AB63F /* GreatVideoViewController.h */ = {isa = PBXFileReference; fileEncoding = 4; lastKnownFileType = sourcecode.c.h; path = GreatVideoViewController.h; sourceTree = "<group>"; };
		643477DE1EC5614F007AB63F /* GreatVideoViewController.m */ = {isa = PBXFileReference; fileEncoding = 4; lastKnownFileType = sourcecode.c.objc; path = GreatVideoViewController.m; sourceTree = "<group>"; };
		643477E01EC5614F007AB63F /* XSMediaPlayer.h */ = {isa = PBXFileReference; fileEncoding = 4; lastKnownFileType = sourcecode.c.h; path = XSMediaPlayer.h; sourceTree = "<group>"; };
		643477E11EC5614F007AB63F /* XSMediaPlayer.m */ = {isa = PBXFileReference; fileEncoding = 4; lastKnownFileType = sourcecode.c.objc; path = XSMediaPlayer.m; sourceTree = "<group>"; };
		643477E21EC5614F007AB63F /* XSMediaPlayerMaskView.h */ = {isa = PBXFileReference; fileEncoding = 4; lastKnownFileType = sourcecode.c.h; path = XSMediaPlayerMaskView.h; sourceTree = "<group>"; };
		643477E31EC5614F007AB63F /* XSMediaPlayerMaskView.m */ = {isa = PBXFileReference; fileEncoding = 4; lastKnownFileType = sourcecode.c.objc; path = XSMediaPlayerMaskView.m; sourceTree = "<group>"; };
		643477E41EC5614F007AB63F /* SecondViewController.h */ = {isa = PBXFileReference; fileEncoding = 4; lastKnownFileType = sourcecode.c.h; path = SecondViewController.h; sourceTree = "<group>"; };
		643477E51EC5614F007AB63F /* SecondViewController.m */ = {isa = PBXFileReference; fileEncoding = 4; lastKnownFileType = sourcecode.c.objc; path = SecondViewController.m; sourceTree = "<group>"; };
		643477E61EC5614F007AB63F /* ThirdViewController.h */ = {isa = PBXFileReference; fileEncoding = 4; lastKnownFileType = sourcecode.c.h; path = ThirdViewController.h; sourceTree = "<group>"; };
		643477E71EC5614F007AB63F /* ThirdViewController.m */ = {isa = PBXFileReference; fileEncoding = 4; lastKnownFileType = sourcecode.c.objc; path = ThirdViewController.m; sourceTree = "<group>"; };
		643477E81EC5614F007AB63F /* VideosModel.h */ = {isa = PBXFileReference; fileEncoding = 4; lastKnownFileType = sourcecode.c.h; path = VideosModel.h; sourceTree = "<group>"; };
		643477E91EC5614F007AB63F /* VideosModel.m */ = {isa = PBXFileReference; fileEncoding = 4; lastKnownFileType = sourcecode.c.objc; path = VideosModel.m; sourceTree = "<group>"; };
		643477EA1EC5614F007AB63F /* VideosPlayerViewController.h */ = {isa = PBXFileReference; fileEncoding = 4; lastKnownFileType = sourcecode.c.h; path = VideosPlayerViewController.h; sourceTree = "<group>"; };
		643477EB1EC5614F007AB63F /* VideosPlayerViewController.m */ = {isa = PBXFileReference; fileEncoding = 4; lastKnownFileType = sourcecode.c.objc; path = VideosPlayerViewController.m; sourceTree = "<group>"; };
		643477ED1EC5614F007AB63F /* MovieFirstViewController.h */ = {isa = PBXFileReference; fileEncoding = 4; lastKnownFileType = sourcecode.c.h; path = MovieFirstViewController.h; sourceTree = "<group>"; };
		643477EE1EC5614F007AB63F /* MovieFirstViewController.m */ = {isa = PBXFileReference; fileEncoding = 4; lastKnownFileType = sourcecode.c.objc; path = MovieFirstViewController.m; sourceTree = "<group>"; };
		643477EF1EC5614F007AB63F /* MovieFourViewController.h */ = {isa = PBXFileReference; fileEncoding = 4; lastKnownFileType = sourcecode.c.h; path = MovieFourViewController.h; sourceTree = "<group>"; };
		643477F01EC5614F007AB63F /* MovieFourViewController.m */ = {isa = PBXFileReference; fileEncoding = 4; lastKnownFileType = sourcecode.c.objc; path = MovieFourViewController.m; sourceTree = "<group>"; };
		643477F11EC5614F007AB63F /* MovieSecondViewController.h */ = {isa = PBXFileReference; fileEncoding = 4; lastKnownFileType = sourcecode.c.h; path = MovieSecondViewController.h; sourceTree = "<group>"; };
		643477F21EC5614F007AB63F /* MovieSecondViewController.m */ = {isa = PBXFileReference; fileEncoding = 4; lastKnownFileType = sourcecode.c.objc; path = MovieSecondViewController.m; sourceTree = "<group>"; };
		643477F31EC5614F007AB63F /* MovieThirViewController.h */ = {isa = PBXFileReference; fileEncoding = 4; lastKnownFileType = sourcecode.c.h; path = MovieThirViewController.h; sourceTree = "<group>"; };
		643477F41EC5614F007AB63F /* MovieThirViewController.m */ = {isa = PBXFileReference; fileEncoding = 4; lastKnownFileType = sourcecode.c.objc; path = MovieThirViewController.m; sourceTree = "<group>"; };
		643477F51EC5614F007AB63F /* MovieViewController.h */ = {isa = PBXFileReference; fileEncoding = 4; lastKnownFileType = sourcecode.c.h; path = MovieViewController.h; sourceTree = "<group>"; };
		643477F61EC5614F007AB63F /* MovieViewController.m */ = {isa = PBXFileReference; fileEncoding = 4; lastKnownFileType = sourcecode.c.objc; path = MovieViewController.m; sourceTree = "<group>"; };
		643477F81EC5614F007AB63F /* TVFirstViewController.h */ = {isa = PBXFileReference; fileEncoding = 4; lastKnownFileType = sourcecode.c.h; path = TVFirstViewController.h; sourceTree = "<group>"; };
		643477F91EC5614F007AB63F /* TVFirstViewController.m */ = {isa = PBXFileReference; fileEncoding = 4; lastKnownFileType = sourcecode.c.objc; path = TVFirstViewController.m; sourceTree = "<group>"; };
		643477FA1EC5614F007AB63F /* TVFourViewController.h */ = {isa = PBXFileReference; fileEncoding = 4; lastKnownFileType = sourcecode.c.h; path = TVFourViewController.h; sourceTree = "<group>"; };
		643477FB1EC5614F007AB63F /* TVFourViewController.m */ = {isa = PBXFileReference; fileEncoding = 4; lastKnownFileType = sourcecode.c.objc; path = TVFourViewController.m; sourceTree = "<group>"; };
		643477FC1EC5614F007AB63F /* TVSecondViewController.h */ = {isa = PBXFileReference; fileEncoding = 4; lastKnownFileType = sourcecode.c.h; path = TVSecondViewController.h; sourceTree = "<group>"; };
		643477FD1EC5614F007AB63F /* TVSecondViewController.m */ = {isa = PBXFileReference; fileEncoding = 4; lastKnownFileType = sourcecode.c.objc; path = TVSecondViewController.m; sourceTree = "<group>"; };
		643477FE1EC5614F007AB63F /* TVThirdViewController.h */ = {isa = PBXFileReference; fileEncoding = 4; lastKnownFileType = sourcecode.c.h; path = TVThirdViewController.h; sourceTree = "<group>"; };
		643477FF1EC5614F007AB63F /* TVThirdViewController.m */ = {isa = PBXFileReference; fileEncoding = 4; lastKnownFileType = sourcecode.c.objc; path = TVThirdViewController.m; sourceTree = "<group>"; };
		643478001EC5614F007AB63F /* TVViewController.h */ = {isa = PBXFileReference; fileEncoding = 4; lastKnownFileType = sourcecode.c.h; path = TVViewController.h; sourceTree = "<group>"; };
		643478011EC5614F007AB63F /* TVViewController.m */ = {isa = PBXFileReference; fileEncoding = 4; lastKnownFileType = sourcecode.c.objc; path = TVViewController.m; sourceTree = "<group>"; };
		643478021EC5614F007AB63F /* VideosDetailViewController.h */ = {isa = PBXFileReference; fileEncoding = 4; lastKnownFileType = sourcecode.c.h; path = VideosDetailViewController.h; sourceTree = "<group>"; };
		643478031EC5614F007AB63F /* VideosDetailViewController.m */ = {isa = PBXFileReference; fileEncoding = 4; lastKnownFileType = sourcecode.c.objc; path = VideosDetailViewController.m; sourceTree = "<group>"; };
		6498E4BF1E9C8AB300E91026 /* MyVideo.app */ = {isa = PBXFileReference; explicitFileType = wrapper.application; includeInIndex = 0; path = MyVideo.app; sourceTree = BUILT_PRODUCTS_DIR; };
		6498E4C31E9C8AB300E91026 /* main.m */ = {isa = PBXFileReference; lastKnownFileType = sourcecode.c.objc; path = main.m; sourceTree = "<group>"; };
		6498E4C51E9C8AB400E91026 /* AppDelegate.h */ = {isa = PBXFileReference; lastKnownFileType = sourcecode.c.h; path = AppDelegate.h; sourceTree = "<group>"; };
		6498E4C61E9C8AB400E91026 /* AppDelegate.m */ = {isa = PBXFileReference; lastKnownFileType = sourcecode.c.objc; path = AppDelegate.m; sourceTree = "<group>"; };
		6498E4CC1E9C8AB400E91026 /* Base */ = {isa = PBXFileReference; lastKnownFileType = file.storyboard; name = Base; path = Base.lproj/Main.storyboard; sourceTree = "<group>"; };
		6498E4CE1E9C8AB400E91026 /* Assets.xcassets */ = {isa = PBXFileReference; lastKnownFileType = folder.assetcatalog; path = Assets.xcassets; sourceTree = "<group>"; };
		6498E4D11E9C8AB400E91026 /* Base */ = {isa = PBXFileReference; lastKnownFileType = file.storyboard; name = Base; path = Base.lproj/LaunchScreen.storyboard; sourceTree = "<group>"; };
		6498E4D31E9C8AB400E91026 /* Info.plist */ = {isa = PBXFileReference; lastKnownFileType = text.plist.xml; path = Info.plist; sourceTree = "<group>"; };
		6498E4D81E9C8AB400E91026 /* MyVideoTests.xctest */ = {isa = PBXFileReference; explicitFileType = wrapper.cfbundle; includeInIndex = 0; path = MyVideoTests.xctest; sourceTree = BUILT_PRODUCTS_DIR; };
		6498E4DC1E9C8AB400E91026 /* MyVideoTests.m */ = {isa = PBXFileReference; lastKnownFileType = sourcecode.c.objc; path = MyVideoTests.m; sourceTree = "<group>"; };
		6498E4DE1E9C8AB400E91026 /* Info.plist */ = {isa = PBXFileReference; lastKnownFileType = text.plist.xml; path = Info.plist; sourceTree = "<group>"; };
		6498E4E31E9C8AB400E91026 /* MyVideoUITests.xctest */ = {isa = PBXFileReference; explicitFileType = wrapper.cfbundle; includeInIndex = 0; path = MyVideoUITests.xctest; sourceTree = BUILT_PRODUCTS_DIR; };
		6498E4E71E9C8AB400E91026 /* MyVideoUITests.m */ = {isa = PBXFileReference; lastKnownFileType = sourcecode.c.objc; path = MyVideoUITests.m; sourceTree = "<group>"; };
		6498E4E91E9C8AB400E91026 /* Info.plist */ = {isa = PBXFileReference; lastKnownFileType = text.plist.xml; path = Info.plist; sourceTree = "<group>"; };
		6498E4F51E9C8AD200E91026 /* PrefixHeader.pch */ = {isa = PBXFileReference; fileEncoding = 4; lastKnownFileType = sourcecode.c.h; path = PrefixHeader.pch; sourceTree = "<group>"; };
		6498E51F1E9C8B8F00E91026 /* MovieBaseViewController.h */ = {isa = PBXFileReference; fileEncoding = 4; lastKnownFileType = sourcecode.c.h; path = MovieBaseViewController.h; sourceTree = "<group>"; };
		6498E5201E9C8B8F00E91026 /* MovieBaseViewController.m */ = {isa = PBXFileReference; fileEncoding = 4; lastKnownFileType = sourcecode.c.objc; path = MovieBaseViewController.m; sourceTree = "<group>"; };
		6498E5211E9C8B8F00E91026 /* MovieTabBarViewController.h */ = {isa = PBXFileReference; fileEncoding = 4; lastKnownFileType = sourcecode.c.h; path = MovieTabBarViewController.h; sourceTree = "<group>"; };
		6498E5221E9C8B8F00E91026 /* MovieTabBarViewController.m */ = {isa = PBXFileReference; fileEncoding = 4; lastKnownFileType = sourcecode.c.objc; path = MovieTabBarViewController.m; sourceTree = "<group>"; };
		6498E5241E9C8B8F00E91026 /* AFNetworkingManager.h */ = {isa = PBXFileReference; fileEncoding = 4; lastKnownFileType = sourcecode.c.h; path = AFNetworkingManager.h; sourceTree = "<group>"; };
		6498E5251E9C8B8F00E91026 /* AFNetworkingManager.m */ = {isa = PBXFileReference; fileEncoding = 4; lastKnownFileType = sourcecode.c.objc; path = AFNetworkingManager.m; sourceTree = "<group>"; };
		6498E5261E9C8B8F00E91026 /* BaoHistoryManger.h */ = {isa = PBXFileReference; fileEncoding = 4; lastKnownFileType = sourcecode.c.h; path = BaoHistoryManger.h; sourceTree = "<group>"; };
		6498E5271E9C8B8F00E91026 /* BaoHistoryManger.m */ = {isa = PBXFileReference; fileEncoding = 4; lastKnownFileType = sourcecode.c.objc; path = BaoHistoryManger.m; sourceTree = "<group>"; };
		6498E52B1E9C8B8F00E91026 /* Foundation+Log.m */ = {isa = PBXFileReference; fileEncoding = 4; lastKnownFileType = sourcecode.c.objc; path = "Foundation+Log.m"; sourceTree = "<group>"; };
		6498E52F1E9C8B8F00E91026 /* PlayerTool.h */ = {isa = PBXFileReference; fileEncoding = 4; lastKnownFileType = sourcecode.c.h; path = PlayerTool.h; sourceTree = "<group>"; };
		6498E5301E9C8B8F00E91026 /* PlayerTool.m */ = {isa = PBXFileReference; fileEncoding = 4; lastKnownFileType = sourcecode.c.objc; path = PlayerTool.m; sourceTree = "<group>"; };
		6498E5371E9C8B8F00E91026 /* CollectViewController.h */ = {isa = PBXFileReference; fileEncoding = 4; lastKnownFileType = sourcecode.c.h; path = CollectViewController.h; sourceTree = "<group>"; };
		6498E5381E9C8B8F00E91026 /* CollectViewController.m */ = {isa = PBXFileReference; fileEncoding = 4; lastKnownFileType = sourcecode.c.objc; path = CollectViewController.m; sourceTree = "<group>"; };
		6498E5391E9C8B8F00E91026 /* MySettingViewController.h */ = {isa = PBXFileReference; fileEncoding = 4; lastKnownFileType = sourcecode.c.h; path = MySettingViewController.h; sourceTree = "<group>"; };
		6498E53A1E9C8B8F00E91026 /* MySettingViewController.m */ = {isa = PBXFileReference; fileEncoding = 4; lastKnownFileType = sourcecode.c.objc; path = MySettingViewController.m; sourceTree = "<group>"; };
		6498E53C1E9C8B8F00E91026 /* XBSettingItemModel.h */ = {isa = PBXFileReference; fileEncoding = 4; lastKnownFileType = sourcecode.c.h; path = XBSettingItemModel.h; sourceTree = "<group>"; };
		6498E53D1E9C8B8F00E91026 /* XBSettingItemModel.m */ = {isa = PBXFileReference; fileEncoding = 4; lastKnownFileType = sourcecode.c.objc; path = XBSettingItemModel.m; sourceTree = "<group>"; };
		6498E53E1E9C8B8F00E91026 /* XBSettingSectionModel.h */ = {isa = PBXFileReference; fileEncoding = 4; lastKnownFileType = sourcecode.c.h; path = XBSettingSectionModel.h; sourceTree = "<group>"; };
		6498E53F1E9C8B8F00E91026 /* XBSettingSectionModel.m */ = {isa = PBXFileReference; fileEncoding = 4; lastKnownFileType = sourcecode.c.objc; path = XBSettingSectionModel.m; sourceTree = "<group>"; };
		6498E5411E9C8B8F00E91026 /* EPProgressShow.h */ = {isa = PBXFileReference; fileEncoding = 4; lastKnownFileType = sourcecode.c.h; path = EPProgressShow.h; sourceTree = "<group>"; };
		6498E5421E9C8B8F00E91026 /* EPProgressShow.m */ = {isa = PBXFileReference; fileEncoding = 4; lastKnownFileType = sourcecode.c.objc; path = EPProgressShow.m; sourceTree = "<group>"; };
		6498E5431E9C8B8F00E91026 /* MySetting.h */ = {isa = PBXFileReference; fileEncoding = 4; lastKnownFileType = sourcecode.c.h; path = MySetting.h; sourceTree = "<group>"; };
		6498E5441E9C8B8F00E91026 /* PDKeyChain.h */ = {isa = PBXFileReference; fileEncoding = 4; lastKnownFileType = sourcecode.c.h; path = PDKeyChain.h; sourceTree = "<group>"; };
		6498E5451E9C8B8F00E91026 /* PDKeyChain.m */ = {isa = PBXFileReference; fileEncoding = 4; lastKnownFileType = sourcecode.c.objc; path = PDKeyChain.m; sourceTree = "<group>"; };
		6498E5461E9C8B8F00E91026 /* UIView+XBExtension.h */ = {isa = PBXFileReference; fileEncoding = 4; lastKnownFileType = sourcecode.c.h; path = "UIView+XBExtension.h"; sourceTree = "<group>"; };
		6498E5471E9C8B8F00E91026 /* UIView+XBExtension.m */ = {isa = PBXFileReference; fileEncoding = 4; lastKnownFileType = sourcecode.c.objc; path = "UIView+XBExtension.m"; sourceTree = "<group>"; };
		6498E5491E9C8B8F00E91026 /* XBSettingCell.h */ = {isa = PBXFileReference; fileEncoding = 4; lastKnownFileType = sourcecode.c.h; path = XBSettingCell.h; sourceTree = "<group>"; };
		6498E54A1E9C8B8F00E91026 /* XBSettingCell.m */ = {isa = PBXFileReference; fileEncoding = 4; lastKnownFileType = sourcecode.c.objc; path = XBSettingCell.m; sourceTree = "<group>"; };
		6498E54D1E9C8B8F00E91026 /* PYSearch.bundle */ = {isa = PBXFileReference; lastKnownFileType = "wrapper.plug-in"; path = PYSearch.bundle; sourceTree = "<group>"; };
		6498E54E1E9C8B8F00E91026 /* PYSearch.h */ = {isa = PBXFileReference; fileEncoding = 4; lastKnownFileType = sourcecode.c.h; path = PYSearch.h; sourceTree = "<group>"; };
		6498E54F1E9C8B8F00E91026 /* PYSearchConst.h */ = {isa = PBXFileReference; fileEncoding = 4; lastKnownFileType = sourcecode.c.h; path = PYSearchConst.h; sourceTree = "<group>"; };
		6498E5501E9C8B8F00E91026 /* PYSearchConst.m */ = {isa = PBXFileReference; fileEncoding = 4; lastKnownFileType = sourcecode.c.objc; path = PYSearchConst.m; sourceTree = "<group>"; };
		6498E5511E9C8B8F00E91026 /* PYSearchViewController.h */ = {isa = PBXFileReference; fileEncoding = 4; lastKnownFileType = sourcecode.c.h; path = PYSearchViewController.h; sourceTree = "<group>"; };
		6498E5521E9C8B8F00E91026 /* PYSearchViewController.m */ = {isa = PBXFileReference; fileEncoding = 4; lastKnownFileType = sourcecode.c.objc; path = PYSearchViewController.m; sourceTree = "<group>"; };
		6498E5531E9C8B8F00E91026 /* UIColor+PYSearchExtension.h */ = {isa = PBXFileReference; fileEncoding = 4; lastKnownFileType = sourcecode.c.h; path = "UIColor+PYSearchExtension.h"; sourceTree = "<group>"; };
		6498E5541E9C8B8F00E91026 /* UIColor+PYSearchExtension.m */ = {isa = PBXFileReference; fileEncoding = 4; lastKnownFileType = sourcecode.c.objc; path = "UIColor+PYSearchExtension.m"; sourceTree = "<group>"; };
		6498E5551E9C8B8F00E91026 /* UIView+PYSearchExtension.h */ = {isa = PBXFileReference; fileEncoding = 4; lastKnownFileType = sourcecode.c.h; path = "UIView+PYSearchExtension.h"; sourceTree = "<group>"; };
		6498E5561E9C8B8F00E91026 /* UIView+PYSearchExtension.m */ = {isa = PBXFileReference; fileEncoding = 4; lastKnownFileType = sourcecode.c.objc; path = "UIView+PYSearchExtension.m"; sourceTree = "<group>"; };
		6498E5571E9C8B8F00E91026 /* SearchCollectionViewCell.h */ = {isa = PBXFileReference; fileEncoding = 4; lastKnownFileType = sourcecode.c.h; path = SearchCollectionViewCell.h; sourceTree = "<group>"; };
		6498E5581E9C8B8F00E91026 /* SearchCollectionViewCell.m */ = {isa = PBXFileReference; fileEncoding = 4; lastKnownFileType = sourcecode.c.objc; path = SearchCollectionViewCell.m; sourceTree = "<group>"; };
		6498E5591E9C8B8F00E91026 /* SearchModel.h */ = {isa = PBXFileReference; fileEncoding = 4; lastKnownFileType = sourcecode.c.h; path = SearchModel.h; sourceTree = "<group>"; };
		6498E55A1E9C8B8F00E91026 /* SearchModel.m */ = {isa = PBXFileReference; fileEncoding = 4; lastKnownFileType = sourcecode.c.objc; path = SearchModel.m; sourceTree = "<group>"; };
		6498E55B1E9C8B8F00E91026 /* SearchViewController.h */ = {isa = PBXFileReference; fileEncoding = 4; lastKnownFileType = sourcecode.c.h; path = SearchViewController.h; sourceTree = "<group>"; };
		6498E55C1E9C8B8F00E91026 /* SearchViewController.m */ = {isa = PBXFileReference; fileEncoding = 4; lastKnownFileType = sourcecode.c.objc; path = SearchViewController.m; sourceTree = "<group>"; };
		6498E6101E9C8BF500E91026 /* MovieNagationViewController.h */ = {isa = PBXFileReference; fileEncoding = 4; lastKnownFileType = sourcecode.c.h; path = MovieNagationViewController.h; sourceTree = "<group>"; };
		6498E6111E9C8BF500E91026 /* MovieNagationViewController.m */ = {isa = PBXFileReference; fileEncoding = 4; lastKnownFileType = sourcecode.c.objc; path = MovieNagationViewController.m; sourceTree = "<group>"; };
		6498E62F1E9C998000E91026 /* ViewController.h */ = {isa = PBXFileReference; fileEncoding = 4; lastKnownFileType = sourcecode.c.h; path = ViewController.h; sourceTree = "<group>"; };
		6498E6301E9C998000E91026 /* ViewController.m */ = {isa = PBXFileReference; fileEncoding = 4; lastKnownFileType = sourcecode.c.objc; path = ViewController.m; sourceTree = "<group>"; };
		98DC2B970AA6A32653B466D2 /* Pods-MyVideo.release.xcconfig */ = {isa = PBXFileReference; includeInIndex = 1; lastKnownFileType = text.xcconfig; name = "Pods-MyVideo.release.xcconfig"; path = "Pods/Target Support Files/Pods-MyVideo/Pods-MyVideo.release.xcconfig"; sourceTree = "<group>"; };
		A297887B7E5BDA0121A1C996 /* Pods-MyVideo.debug.xcconfig */ = {isa = PBXFileReference; includeInIndex = 1; lastKnownFileType = text.xcconfig; name = "Pods-MyVideo.debug.xcconfig"; path = "Pods/Target Support Files/Pods-MyVideo/Pods-MyVideo.debug.xcconfig"; sourceTree = "<group>"; };
/* End PBXFileReference section */

/* Begin PBXFrameworksBuildPhase section */
		6498E4BC1E9C8AB300E91026 /* Frameworks */ = {
			isa = PBXFrameworksBuildPhase;
			buildActionMask = 2147483647;
			files = (
				D6FE799256FAAD2C95863EBA /* libPods-MyVideo.a in Frameworks */,
				643477C91EC56081007AB63F /* libGDTMobSDK.a in Frameworks */,
			);
			runOnlyForDeploymentPostprocessing = 0;
		};
		6498E4D51E9C8AB400E91026 /* Frameworks */ = {
			isa = PBXFrameworksBuildPhase;
			buildActionMask = 2147483647;
			files = (
			);
			runOnlyForDeploymentPostprocessing = 0;
		};
		6498E4E01E9C8AB400E91026 /* Frameworks */ = {
			isa = PBXFrameworksBuildPhase;
			buildActionMask = 2147483647;
			files = (
			);
			runOnlyForDeploymentPostprocessing = 0;
		};
/* End PBXFrameworksBuildPhase section */

/* Begin PBXGroup section */
		643477B11EC5603B007AB63F /* Category */ = {
			isa = PBXGroup;
			children = (
				643477B21EC5603B007AB63F /* UIImage+Extension.h */,
				643477B31EC5603B007AB63F /* UIImage+Extension.m */,
				643477B41EC5603B007AB63F /* UIView+MJ.h */,
				643477B51EC5603B007AB63F /* UIView+MJ.m */,
			);
			path = Category;
			sourceTree = "<group>";
		};
		643477C11EC56081007AB63F /* GDTSDK */ = {
			isa = PBXGroup;
			children = (
				643477C21EC56081007AB63F /* libs */,
			);
			path = GDTSDK;
			sourceTree = "<group>";
		};
		643477C21EC56081007AB63F /* libs */ = {
			isa = PBXGroup;
			children = (
				643477C31EC56081007AB63F /* GDTMobBannerView.h */,
				643477C41EC56081007AB63F /* GDTMobInterstitial.h */,
				643477C51EC56081007AB63F /* GDTNativeAd.h */,
				643477C61EC56081007AB63F /* GDTSplashAd.h */,
				643477C71EC56081007AB63F /* GDTTrack.h */,
				643477C81EC56081007AB63F /* libGDTMobSDK.a */,
			);
			path = libs;
			sourceTree = "<group>";
		};
		643477CA1EC560CE007AB63F /* Lib */ = {
			isa = PBXGroup;
			children = (
				643477DF1EC5614F007AB63F /* Player */,
				6498E54C1E9C8B8F00E91026 /* PYSearch */,
				643477CB1EC560CE007AB63F /* CKAlertViewController */,
				643477CE1EC560CE007AB63F /* GGActionSheet */,
				643477D11EC560CE007AB63F /* LSSAlertView */,
			);
			path = Lib;
			sourceTree = "<group>";
		};
		643477CB1EC560CE007AB63F /* CKAlertViewController */ = {
			isa = PBXGroup;
			children = (
				643477CC1EC560CE007AB63F /* CKAlertViewController.h */,
				643477CD1EC560CE007AB63F /* CKAlertViewController.m */,
			);
			path = CKAlertViewController;
			sourceTree = "<group>";
		};
		643477CE1EC560CE007AB63F /* GGActionSheet */ = {
			isa = PBXGroup;
			children = (
				643477CF1EC560CE007AB63F /* GGActionSheet.h */,
				643477D01EC560CE007AB63F /* GGActionSheet.m */,
			);
			path = GGActionSheet;
			sourceTree = "<group>";
		};
		643477D11EC560CE007AB63F /* LSSAlertView */ = {
			isa = PBXGroup;
			children = (
				643477D21EC560CE007AB63F /* LSSAlertView.h */,
				643477D31EC560CE007AB63F /* LSSAlertView.m */,
			);
			path = LSSAlertView;
			sourceTree = "<group>";
		};
		643477D71EC5614F007AB63F /* MainViewController */ = {
			isa = PBXGroup;
			children = (
				643477D81EC5614F007AB63F /* GreatVideo */,
				643477EC1EC5614F007AB63F /* Movie */,
				643477F71EC5614F007AB63F /* TV */,
			);
			path = MainViewController;
			sourceTree = "<group>";
		};
		643477D81EC5614F007AB63F /* GreatVideo */ = {
			isa = PBXGroup;
			children = (
				643477D91EC5614F007AB63F /* FirstVideosViewController.h */,
				643477DA1EC5614F007AB63F /* FirstVideosViewController.m */,
				643477DB1EC5614F007AB63F /* FourViewController.h */,
				643477DC1EC5614F007AB63F /* FourViewController.m */,
				643477DD1EC5614F007AB63F /* GreatVideoViewController.h */,
				643477DE1EC5614F007AB63F /* GreatVideoViewController.m */,
				643477E41EC5614F007AB63F /* SecondViewController.h */,
				643477E51EC5614F007AB63F /* SecondViewController.m */,
				643477E61EC5614F007AB63F /* ThirdViewController.h */,
				643477E71EC5614F007AB63F /* ThirdViewController.m */,
				643477E81EC5614F007AB63F /* VideosModel.h */,
				643477E91EC5614F007AB63F /* VideosModel.m */,
				643477EA1EC5614F007AB63F /* VideosPlayerViewController.h */,
				643477EB1EC5614F007AB63F /* VideosPlayerViewController.m */,
			);
			path = GreatVideo;
			sourceTree = "<group>";
		};
		643477DF1EC5614F007AB63F /* Player */ = {
			isa = PBXGroup;
			children = (
				643477E01EC5614F007AB63F /* XSMediaPlayer.h */,
				643477E11EC5614F007AB63F /* XSMediaPlayer.m */,
				643477E21EC5614F007AB63F /* XSMediaPlayerMaskView.h */,
				643477E31EC5614F007AB63F /* XSMediaPlayerMaskView.m */,
			);
			name = Player;
			path = ../MainViewController/GreatVideo/Player;
			sourceTree = "<group>";
		};
		643477EC1EC5614F007AB63F /* Movie */ = {
			isa = PBXGroup;
			children = (
				643477ED1EC5614F007AB63F /* MovieFirstViewController.h */,
				643477EE1EC5614F007AB63F /* MovieFirstViewController.m */,
				643477EF1EC5614F007AB63F /* MovieFourViewController.h */,
				643477F01EC5614F007AB63F /* MovieFourViewController.m */,
				643477F11EC5614F007AB63F /* MovieSecondViewController.h */,
				643477F21EC5614F007AB63F /* MovieSecondViewController.m */,
				643477F31EC5614F007AB63F /* MovieThirViewController.h */,
				643477F41EC5614F007AB63F /* MovieThirViewController.m */,
				643477F51EC5614F007AB63F /* MovieViewController.h */,
				643477F61EC5614F007AB63F /* MovieViewController.m */,
			);
			path = Movie;
			sourceTree = "<group>";
		};
		643477F71EC5614F007AB63F /* TV */ = {
			isa = PBXGroup;
			children = (
				643477F81EC5614F007AB63F /* TVFirstViewController.h */,
				643477F91EC5614F007AB63F /* TVFirstViewController.m */,
				643477FA1EC5614F007AB63F /* TVFourViewController.h */,
				643477FB1EC5614F007AB63F /* TVFourViewController.m */,
				643477FC1EC5614F007AB63F /* TVSecondViewController.h */,
				643477FD1EC5614F007AB63F /* TVSecondViewController.m */,
				643477FE1EC5614F007AB63F /* TVThirdViewController.h */,
				643477FF1EC5614F007AB63F /* TVThirdViewController.m */,
				643478001EC5614F007AB63F /* TVViewController.h */,
				643478011EC5614F007AB63F /* TVViewController.m */,
				643478021EC5614F007AB63F /* VideosDetailViewController.h */,
				643478031EC5614F007AB63F /* VideosDetailViewController.m */,
			);
			path = TV;
			sourceTree = "<group>";
		};
		6498E4B61E9C8AB300E91026 = {
			isa = PBXGroup;
			children = (
				6498E4C11E9C8AB300E91026 /* MyVideo */,
				6498E4DB1E9C8AB400E91026 /* MyVideoTests */,
				6498E4E61E9C8AB400E91026 /* MyVideoUITests */,
				6498E4C01E9C8AB300E91026 /* Products */,
				D5C4A9BFE87B33C2C1975441 /* Pods */,
				BEC9564BD545CB4105C8F59B /* Frameworks */,
			);
			sourceTree = "<group>";
		};
		6498E4C01E9C8AB300E91026 /* Products */ = {
			isa = PBXGroup;
			children = (
				6498E4BF1E9C8AB300E91026 /* MyVideo.app */,
				6498E4D81E9C8AB400E91026 /* MyVideoTests.xctest */,
				6498E4E31E9C8AB400E91026 /* MyVideoUITests.xctest */,
			);
			name = Products;
			sourceTree = "<group>";
		};
		6498E4C11E9C8AB300E91026 /* MyVideo */ = {
			isa = PBXGroup;
			children = (
				6498E4F61E9C8B8E00E91026 /* MovieVideo */,
				6498E4C51E9C8AB400E91026 /* AppDelegate.h */,
				6498E4C61E9C8AB400E91026 /* AppDelegate.m */,
				6498E62F1E9C998000E91026 /* ViewController.h */,
				6498E6301E9C998000E91026 /* ViewController.m */,
				6498E4CB1E9C8AB400E91026 /* Main.storyboard */,
				6498E4CE1E9C8AB400E91026 /* Assets.xcassets */,
				6498E4D01E9C8AB400E91026 /* LaunchScreen.storyboard */,
				6498E4D31E9C8AB400E91026 /* Info.plist */,
				6498E4C21E9C8AB300E91026 /* Supporting Files */,
			);
			path = MyVideo;
			sourceTree = "<group>";
		};
		6498E4C21E9C8AB300E91026 /* Supporting Files */ = {
			isa = PBXGroup;
			children = (
				6498E4C31E9C8AB300E91026 /* main.m */,
				6498E4F51E9C8AD200E91026 /* PrefixHeader.pch */,
				643477A91EC55668007AB63F /* Api.h */,
			);
			name = "Supporting Files";
			sourceTree = "<group>";
		};
		6498E4DB1E9C8AB400E91026 /* MyVideoTests */ = {
			isa = PBXGroup;
			children = (
				6498E4DC1E9C8AB400E91026 /* MyVideoTests.m */,
				6498E4DE1E9C8AB400E91026 /* Info.plist */,
			);
			path = MyVideoTests;
			sourceTree = "<group>";
		};
		6498E4E61E9C8AB400E91026 /* MyVideoUITests */ = {
			isa = PBXGroup;
			children = (
				6498E4E71E9C8AB400E91026 /* MyVideoUITests.m */,
				6498E4E91E9C8AB400E91026 /* Info.plist */,
			);
			path = MyVideoUITests;
			sourceTree = "<group>";
		};
		6498E4F61E9C8B8E00E91026 /* MovieVideo */ = {
			isa = PBXGroup;
			children = (
				643477D71EC5614F007AB63F /* MainViewController */,
				643477CA1EC560CE007AB63F /* Lib */,
				643477C11EC56081007AB63F /* GDTSDK */,
				643477B11EC5603B007AB63F /* Category */,
				6498E51E1E9C8B8F00E91026 /* MovieOtherController */,
				6498E5231E9C8B8F00E91026 /* MovieTool */,
				6498E5351E9C8B8F00E91026 /* MySetting */,
				6498E54B1E9C8B8F00E91026 /* SearchView */,
			);
			path = MovieVideo;
			sourceTree = "<group>";
		};
		6498E51E1E9C8B8F00E91026 /* MovieOtherController */ = {
			isa = PBXGroup;
			children = (
				6498E51F1E9C8B8F00E91026 /* MovieBaseViewController.h */,
				6498E5201E9C8B8F00E91026 /* MovieBaseViewController.m */,
				6498E5211E9C8B8F00E91026 /* MovieTabBarViewController.h */,
				6498E5221E9C8B8F00E91026 /* MovieTabBarViewController.m */,
				6498E6101E9C8BF500E91026 /* MovieNagationViewController.h */,
				6498E6111E9C8BF500E91026 /* MovieNagationViewController.m */,
			);
			path = MovieOtherController;
			sourceTree = "<group>";
		};
		6498E5231E9C8B8F00E91026 /* MovieTool */ = {
			isa = PBXGroup;
			children = (
				6498E5241E9C8B8F00E91026 /* AFNetworkingManager.h */,
				6498E5251E9C8B8F00E91026 /* AFNetworkingManager.m */,
				6498E5261E9C8B8F00E91026 /* BaoHistoryManger.h */,
				6498E5271E9C8B8F00E91026 /* BaoHistoryManger.m */,
				6498E52B1E9C8B8F00E91026 /* Foundation+Log.m */,
				6498E52F1E9C8B8F00E91026 /* PlayerTool.h */,
				6498E5301E9C8B8F00E91026 /* PlayerTool.m */,
			);
			path = MovieTool;
			sourceTree = "<group>";
		};
		6498E5351E9C8B8F00E91026 /* MySetting */ = {
			isa = PBXGroup;
			children = (
				6498E5361E9C8B8F00E91026 /* Controllers */,
				6498E53B1E9C8B8F00E91026 /* Model */,
				6498E5401E9C8B8F00E91026 /* SettingTool */,
				6498E5481E9C8B8F00E91026 /* View */,
			);
			path = MySetting;
			sourceTree = "<group>";
		};
		6498E5361E9C8B8F00E91026 /* Controllers */ = {
			isa = PBXGroup;
			children = (
				6498E5371E9C8B8F00E91026 /* CollectViewController.h */,
				6498E5381E9C8B8F00E91026 /* CollectViewController.m */,
				6498E5391E9C8B8F00E91026 /* MySettingViewController.h */,
				6498E53A1E9C8B8F00E91026 /* MySettingViewController.m */,
				643477AE1EC55B1C007AB63F /* SuggestionsViewController.h */,
				643477AF1EC55B1C007AB63F /* SuggestionsViewController.m */,
				6407EC191E9F28CF00988A01 /* AppDownLoadVC.h */,
				6407EC1A1E9F28CF00988A01 /* AppDownLoadVC.m */,
			);
			path = Controllers;
			sourceTree = "<group>";
		};
		6498E53B1E9C8B8F00E91026 /* Model */ = {
			isa = PBXGroup;
			children = (
				6498E53C1E9C8B8F00E91026 /* XBSettingItemModel.h */,
				6498E53D1E9C8B8F00E91026 /* XBSettingItemModel.m */,
				6498E53E1E9C8B8F00E91026 /* XBSettingSectionModel.h */,
				6498E53F1E9C8B8F00E91026 /* XBSettingSectionModel.m */,
			);
			path = Model;
			sourceTree = "<group>";
		};
		6498E5401E9C8B8F00E91026 /* SettingTool */ = {
			isa = PBXGroup;
			children = (
				6498E5411E9C8B8F00E91026 /* EPProgressShow.h */,
				6498E5421E9C8B8F00E91026 /* EPProgressShow.m */,
				6498E5431E9C8B8F00E91026 /* MySetting.h */,
				6498E5441E9C8B8F00E91026 /* PDKeyChain.h */,
				6498E5451E9C8B8F00E91026 /* PDKeyChain.m */,
				6498E5461E9C8B8F00E91026 /* UIView+XBExtension.h */,
				6498E5471E9C8B8F00E91026 /* UIView+XBExtension.m */,
			);
			path = SettingTool;
			sourceTree = "<group>";
		};
		6498E5481E9C8B8F00E91026 /* View */ = {
			isa = PBXGroup;
			children = (
				6498E5491E9C8B8F00E91026 /* XBSettingCell.h */,
				6498E54A1E9C8B8F00E91026 /* XBSettingCell.m */,
			);
			path = View;
			sourceTree = "<group>";
		};
		6498E54B1E9C8B8F00E91026 /* SearchView */ = {
			isa = PBXGroup;
			children = (
				6498E5571E9C8B8F00E91026 /* SearchCollectionViewCell.h */,
				6498E5581E9C8B8F00E91026 /* SearchCollectionViewCell.m */,
				6498E5591E9C8B8F00E91026 /* SearchModel.h */,
				6498E55A1E9C8B8F00E91026 /* SearchModel.m */,
				6498E55B1E9C8B8F00E91026 /* SearchViewController.h */,
				6498E55C1E9C8B8F00E91026 /* SearchViewController.m */,
			);
			path = SearchView;
			sourceTree = "<group>";
		};
		6498E54C1E9C8B8F00E91026 /* PYSearch */ = {
			isa = PBXGroup;
			children = (
				6498E54D1E9C8B8F00E91026 /* PYSearch.bundle */,
				6498E54E1E9C8B8F00E91026 /* PYSearch.h */,
				6498E54F1E9C8B8F00E91026 /* PYSearchConst.h */,
				6498E5501E9C8B8F00E91026 /* PYSearchConst.m */,
				6498E5511E9C8B8F00E91026 /* PYSearchViewController.h */,
				6498E5521E9C8B8F00E91026 /* PYSearchViewController.m */,
				6498E5531E9C8B8F00E91026 /* UIColor+PYSearchExtension.h */,
				6498E5541E9C8B8F00E91026 /* UIColor+PYSearchExtension.m */,
				6498E5551E9C8B8F00E91026 /* UIView+PYSearchExtension.h */,
				6498E5561E9C8B8F00E91026 /* UIView+PYSearchExtension.m */,
			);
			name = PYSearch;
			path = ../SearchView/PYSearch;
			sourceTree = "<group>";
		};
		BEC9564BD545CB4105C8F59B /* Frameworks */ = {
			isa = PBXGroup;
			children = (
				3D84C3A362FDD332A9227782 /* libPods-MyVideo.a */,
			);
			name = Frameworks;
			sourceTree = "<group>";
		};
		D5C4A9BFE87B33C2C1975441 /* Pods */ = {
			isa = PBXGroup;
			children = (
				A297887B7E5BDA0121A1C996 /* Pods-MyVideo.debug.xcconfig */,
				98DC2B970AA6A32653B466D2 /* Pods-MyVideo.release.xcconfig */,
			);
			name = Pods;
			sourceTree = "<group>";
		};
/* End PBXGroup section */

/* Begin PBXNativeTarget section */
		6498E4BE1E9C8AB300E91026 /* MyVideo */ = {
			isa = PBXNativeTarget;
			buildConfigurationList = 6498E4EC1E9C8AB400E91026 /* Build configuration list for PBXNativeTarget "MyVideo" */;
			buildPhases = (
				265DE3C49368751343DC5864 /* [CP] Check Pods Manifest.lock */,
				6498E4BB1E9C8AB300E91026 /* Sources */,
				6498E4BC1E9C8AB300E91026 /* Frameworks */,
				6498E4BD1E9C8AB300E91026 /* Resources */,
				5247D5067635FBE2FD04FA59 /* [CP] Embed Pods Frameworks */,
				B403F257182D519D5C7B25EF /* [CP] Copy Pods Resources */,
			);
			buildRules = (
			);
			dependencies = (
			);
			name = MyVideo;
			productName = MyVideo;
			productReference = 6498E4BF1E9C8AB300E91026 /* MyVideo.app */;
			productType = "com.apple.product-type.application";
		};
		6498E4D71E9C8AB400E91026 /* MyVideoTests */ = {
			isa = PBXNativeTarget;
			buildConfigurationList = 6498E4EF1E9C8AB400E91026 /* Build configuration list for PBXNativeTarget "MyVideoTests" */;
			buildPhases = (
				6498E4D41E9C8AB400E91026 /* Sources */,
				6498E4D51E9C8AB400E91026 /* Frameworks */,
				6498E4D61E9C8AB400E91026 /* Resources */,
			);
			buildRules = (
			);
			dependencies = (
				6498E4DA1E9C8AB400E91026 /* PBXTargetDependency */,
			);
			name = MyVideoTests;
			productName = MyVideoTests;
			productReference = 6498E4D81E9C8AB400E91026 /* MyVideoTests.xctest */;
			productType = "com.apple.product-type.bundle.unit-test";
		};
		6498E4E21E9C8AB400E91026 /* MyVideoUITests */ = {
			isa = PBXNativeTarget;
			buildConfigurationList = 6498E4F21E9C8AB400E91026 /* Build configuration list for PBXNativeTarget "MyVideoUITests" */;
			buildPhases = (
				6498E4DF1E9C8AB400E91026 /* Sources */,
				6498E4E01E9C8AB400E91026 /* Frameworks */,
				6498E4E11E9C8AB400E91026 /* Resources */,
			);
			buildRules = (
			);
			dependencies = (
				6498E4E51E9C8AB400E91026 /* PBXTargetDependency */,
			);
			name = MyVideoUITests;
			productName = MyVideoUITests;
			productReference = 6498E4E31E9C8AB400E91026 /* MyVideoUITests.xctest */;
			productType = "com.apple.product-type.bundle.ui-testing";
		};
/* End PBXNativeTarget section */

/* Begin PBXProject section */
		6498E4B71E9C8AB300E91026 /* Project object */ = {
			isa = PBXProject;
			attributes = {
				LastUpgradeCheck = 0820;
				ORGANIZATIONNAME = shen;
				TargetAttributes = {
					6498E4BE1E9C8AB300E91026 = {
						CreatedOnToolsVersion = 8.2.1;
						DevelopmentTeam = TK984C3P5L;
						ProvisioningStyle = Automatic;
					};
					6498E4D71E9C8AB400E91026 = {
						CreatedOnToolsVersion = 8.2.1;
						DevelopmentTeam = 3LNCXDL3W9;
						ProvisioningStyle = Automatic;
						TestTargetID = 6498E4BE1E9C8AB300E91026;
					};
					6498E4E21E9C8AB400E91026 = {
						CreatedOnToolsVersion = 8.2.1;
						DevelopmentTeam = 3LNCXDL3W9;
						ProvisioningStyle = Automatic;
						TestTargetID = 6498E4BE1E9C8AB300E91026;
					};
				};
			};
			buildConfigurationList = 6498E4BA1E9C8AB300E91026 /* Build configuration list for PBXProject "MyVideo" */;
			compatibilityVersion = "Xcode 3.2";
			developmentRegion = English;
			hasScannedForEncodings = 0;
			knownRegions = (
				en,
				Base,
			);
			mainGroup = 6498E4B61E9C8AB300E91026;
			productRefGroup = 6498E4C01E9C8AB300E91026 /* Products */;
			projectDirPath = "";
			projectRoot = "";
			targets = (
				6498E4BE1E9C8AB300E91026 /* MyVideo */,
				6498E4D71E9C8AB400E91026 /* MyVideoTests */,
				6498E4E21E9C8AB400E91026 /* MyVideoUITests */,
			);
		};
/* End PBXProject section */

/* Begin PBXResourcesBuildPhase section */
		6498E4BD1E9C8AB300E91026 /* Resources */ = {
			isa = PBXResourcesBuildPhase;
			buildActionMask = 2147483647;
			files = (
				6498E4D21E9C8AB400E91026 /* LaunchScreen.storyboard in Resources */,
				6498E4CF1E9C8AB400E91026 /* Assets.xcassets in Resources */,
				6498E5D11E9C8B8F00E91026 /* PYSearch.bundle in Resources */,
				6498E4CD1E9C8AB400E91026 /* Main.storyboard in Resources */,
			);
			runOnlyForDeploymentPostprocessing = 0;
		};
		6498E4D61E9C8AB400E91026 /* Resources */ = {
			isa = PBXResourcesBuildPhase;
			buildActionMask = 2147483647;
			files = (
			);
			runOnlyForDeploymentPostprocessing = 0;
		};
		6498E4E11E9C8AB400E91026 /* Resources */ = {
			isa = PBXResourcesBuildPhase;
			buildActionMask = 2147483647;
			files = (
			);
			runOnlyForDeploymentPostprocessing = 0;
		};
/* End PBXResourcesBuildPhase section */

/* Begin PBXShellScriptBuildPhase section */
		265DE3C49368751343DC5864 /* [CP] Check Pods Manifest.lock */ = {
			isa = PBXShellScriptBuildPhase;
			buildActionMask = 2147483647;
			files = (
			);
			inputPaths = (
			);
			name = "[CP] Check Pods Manifest.lock";
			outputPaths = (
			);
			runOnlyForDeploymentPostprocessing = 0;
			shellPath = /bin/sh;
			shellScript = "diff \"${PODS_ROOT}/../Podfile.lock\" \"${PODS_ROOT}/Manifest.lock\" > /dev/null\nif [ $? != 0 ] ; then\n    # print error to STDERR\n    echo \"error: The sandbox is not in sync with the Podfile.lock. Run 'pod install' or update your CocoaPods installation.\" >&2\n    exit 1\nfi\n";
			showEnvVarsInLog = 0;
		};
		5247D5067635FBE2FD04FA59 /* [CP] Embed Pods Frameworks */ = {
			isa = PBXShellScriptBuildPhase;
			buildActionMask = 2147483647;
			files = (
			);
			inputPaths = (
			);
			name = "[CP] Embed Pods Frameworks";
			outputPaths = (
			);
			runOnlyForDeploymentPostprocessing = 0;
			shellPath = /bin/sh;
			shellScript = "\"${SRCROOT}/Pods/Target Support Files/Pods-MyVideo/Pods-MyVideo-frameworks.sh\"\n";
			showEnvVarsInLog = 0;
		};
		B403F257182D519D5C7B25EF /* [CP] Copy Pods Resources */ = {
			isa = PBXShellScriptBuildPhase;
			buildActionMask = 2147483647;
			files = (
			);
			inputPaths = (
			);
			name = "[CP] Copy Pods Resources";
			outputPaths = (
			);
			runOnlyForDeploymentPostprocessing = 0;
			shellPath = /bin/sh;
			shellScript = "\"${SRCROOT}/Pods/Target Support Files/Pods-MyVideo/Pods-MyVideo-resources.sh\"\n";
			showEnvVarsInLog = 0;
		};
/* End PBXShellScriptBuildPhase section */

/* Begin PBXSourcesBuildPhase section */
		6498E4BB1E9C8AB300E91026 /* Sources */ = {
			isa = PBXSourcesBuildPhase;
			buildActionMask = 2147483647;
			files = (
				643478081EC5614F007AB63F /* XSMediaPlayerMaskView.m in Sources */,
				6498E5BF1E9C8B8F00E91026 /* MovieBaseViewController.m in Sources */,
				6498E4C71E9C8AB400E91026 /* AppDelegate.m in Sources */,
				6498E4C41E9C8AB300E91026 /* main.m in Sources */,
				6498E5C41E9C8B8F00E91026 /* Foundation+Log.m in Sources */,
				6498E5CE1E9C8B8F00E91026 /* PDKeyChain.m in Sources */,
				6498E5C91E9C8B8F00E91026 /* CollectViewController.m in Sources */,
				6407EC1B1E9F28CF00988A01 /* AppDownLoadVC.m in Sources */,
				643478161EC5614F007AB63F /* TVViewController.m in Sources */,
				643477D61EC560CE007AB63F /* LSSAlertView.m in Sources */,
				6434780F1EC5614F007AB63F /* MovieSecondViewController.m in Sources */,
				643478101EC5614F007AB63F /* MovieThirViewController.m in Sources */,
				643478141EC5614F007AB63F /* TVSecondViewController.m in Sources */,
				6498E5CC1E9C8B8F00E91026 /* XBSettingSectionModel.m in Sources */,
				643478121EC5614F007AB63F /* TVFirstViewController.m in Sources */,
				6498E5D81E9C8B8F00E91026 /* SearchViewController.m in Sources */,
				6498E5CD1E9C8B8F00E91026 /* EPProgressShow.m in Sources */,
				6498E5C21E9C8B8F00E91026 /* BaoHistoryManger.m in Sources */,
				643477D41EC560CE007AB63F /* CKAlertViewController.m in Sources */,
				6434780A1EC5614F007AB63F /* ThirdViewController.m in Sources */,
				6498E5CF1E9C8B8F00E91026 /* UIView+XBExtension.m in Sources */,
				6498E5D41E9C8B8F00E91026 /* UIColor+PYSearchExtension.m in Sources */,
				6498E5D61E9C8B8F00E91026 /* SearchCollectionViewCell.m in Sources */,
				643478151EC5614F007AB63F /* TVThirdViewController.m in Sources */,
				643477D51EC560CE007AB63F /* GGActionSheet.m in Sources */,
				643478131EC5614F007AB63F /* TVFourViewController.m in Sources */,
				6498E5C61E9C8B8F00E91026 /* PlayerTool.m in Sources */,
				6498E5D51E9C8B8F00E91026 /* UIView+PYSearchExtension.m in Sources */,
				6498E5CA1E9C8B8F00E91026 /* MySettingViewController.m in Sources */,
				6498E6311E9C998000E91026 /* ViewController.m in Sources */,
				6498E5D71E9C8B8F00E91026 /* SearchModel.m in Sources */,
				643478071EC5614F007AB63F /* XSMediaPlayer.m in Sources */,
				6498E5D31E9C8B8F00E91026 /* PYSearchViewController.m in Sources */,
				6434780E1EC5614F007AB63F /* MovieFourViewController.m in Sources */,
				6434780D1EC5614F007AB63F /* MovieFirstViewController.m in Sources */,
				643478041EC5614F007AB63F /* FirstVideosViewController.m in Sources */,
				6434780B1EC5614F007AB63F /* VideosModel.m in Sources */,
				6434780C1EC5614F007AB63F /* VideosPlayerViewController.m in Sources */,
				643478061EC5614F007AB63F /* GreatVideoViewController.m in Sources */,
				6498E5C01E9C8B8F00E91026 /* MovieTabBarViewController.m in Sources */,
				643477B71EC5603B007AB63F /* UIView+MJ.m in Sources */,
				6498E5C11E9C8B8F00E91026 /* AFNetworkingManager.m in Sources */,
				643477B61EC5603B007AB63F /* UIImage+Extension.m in Sources */,
				643478171EC5614F007AB63F /* VideosDetailViewController.m in Sources */,
				643478051EC5614F007AB63F /* FourViewController.m in Sources */,
				643478111EC5614F007AB63F /* MovieViewController.m in Sources */,
				6498E5D21E9C8B8F00E91026 /* PYSearchConst.m in Sources */,
				6498E6121E9C8BF500E91026 /* MovieNagationViewController.m in Sources */,
				643478091EC5614F007AB63F /* SecondViewController.m in Sources */,
				643477B01EC55B1C007AB63F /* SuggestionsViewController.m in Sources */,
				6498E5D01E9C8B8F00E91026 /* XBSettingCell.m in Sources */,
				6498E5CB1E9C8B8F00E91026 /* XBSettingItemModel.m in Sources */,
			);
			runOnlyForDeploymentPostprocessing = 0;
		};
		6498E4D41E9C8AB400E91026 /* Sources */ = {
			isa = PBXSourcesBuildPhase;
			buildActionMask = 2147483647;
			files = (
				6498E4DD1E9C8AB400E91026 /* MyVideoTests.m in Sources */,
			);
			runOnlyForDeploymentPostprocessing = 0;
		};
		6498E4DF1E9C8AB400E91026 /* Sources */ = {
			isa = PBXSourcesBuildPhase;
			buildActionMask = 2147483647;
			files = (
				6498E4E81E9C8AB400E91026 /* MyVideoUITests.m in Sources */,
			);
			runOnlyForDeploymentPostprocessing = 0;
		};
/* End PBXSourcesBuildPhase section */

/* Begin PBXTargetDependency section */
		6498E4DA1E9C8AB400E91026 /* PBXTargetDependency */ = {
			isa = PBXTargetDependency;
			target = 6498E4BE1E9C8AB300E91026 /* MyVideo */;
			targetProxy = 6498E4D91E9C8AB400E91026 /* PBXContainerItemProxy */;
		};
		6498E4E51E9C8AB400E91026 /* PBXTargetDependency */ = {
			isa = PBXTargetDependency;
			target = 6498E4BE1E9C8AB300E91026 /* MyVideo */;
			targetProxy = 6498E4E41E9C8AB400E91026 /* PBXContainerItemProxy */;
		};
/* End PBXTargetDependency section */

/* Begin PBXVariantGroup section */
		6498E4CB1E9C8AB400E91026 /* Main.storyboard */ = {
			isa = PBXVariantGroup;
			children = (
				6498E4CC1E9C8AB400E91026 /* Base */,
			);
			name = Main.storyboard;
			sourceTree = "<group>";
		};
		6498E4D01E9C8AB400E91026 /* LaunchScreen.storyboard */ = {
			isa = PBXVariantGroup;
			children = (
				6498E4D11E9C8AB400E91026 /* Base */,
			);
			name = LaunchScreen.storyboard;
			sourceTree = "<group>";
		};
/* End PBXVariantGroup section */

/* Begin XCBuildConfiguration section */
		6498E4EA1E9C8AB400E91026 /* Debug */ = {
			isa = XCBuildConfiguration;
			buildSettings = {
				ALWAYS_SEARCH_USER_PATHS = NO;
				CLANG_ANALYZER_NONNULL = YES;
				CLANG_CXX_LANGUAGE_STANDARD = "gnu++0x";
				CLANG_CXX_LIBRARY = "libc++";
				CLANG_ENABLE_MODULES = YES;
				CLANG_ENABLE_OBJC_ARC = YES;
				CLANG_WARN_BOOL_CONVERSION = YES;
				CLANG_WARN_CONSTANT_CONVERSION = YES;
				CLANG_WARN_DIRECT_OBJC_ISA_USAGE = YES_ERROR;
				CLANG_WARN_DOCUMENTATION_COMMENTS = YES;
				CLANG_WARN_EMPTY_BODY = YES;
				CLANG_WARN_ENUM_CONVERSION = YES;
				CLANG_WARN_INFINITE_RECURSION = YES;
				CLANG_WARN_INT_CONVERSION = YES;
				CLANG_WARN_OBJC_ROOT_CLASS = YES_ERROR;
				CLANG_WARN_SUSPICIOUS_MOVE = YES;
				CLANG_WARN_UNREACHABLE_CODE = YES;
				CLANG_WARN__DUPLICATE_METHOD_MATCH = YES;
				"CODE_SIGN_IDENTITY[sdk=iphoneos*]" = "iPhone Developer";
				COPY_PHASE_STRIP = NO;
				DEBUG_INFORMATION_FORMAT = dwarf;
				ENABLE_STRICT_OBJC_MSGSEND = YES;
				ENABLE_TESTABILITY = YES;
				GCC_C_LANGUAGE_STANDARD = gnu99;
				GCC_DYNAMIC_NO_PIC = NO;
				GCC_NO_COMMON_BLOCKS = YES;
				GCC_OPTIMIZATION_LEVEL = 0;
				GCC_PREPROCESSOR_DEFINITIONS = (
					"DEBUG=1",
					"$(inherited)",
				);
				GCC_WARN_64_TO_32_BIT_CONVERSION = YES;
				GCC_WARN_ABOUT_RETURN_TYPE = YES_ERROR;
				GCC_WARN_UNDECLARED_SELECTOR = YES;
				GCC_WARN_UNINITIALIZED_AUTOS = YES_AGGRESSIVE;
				GCC_WARN_UNUSED_FUNCTION = YES;
				GCC_WARN_UNUSED_VARIABLE = YES;
				IPHONEOS_DEPLOYMENT_TARGET = 10.2;
				MTL_ENABLE_DEBUG_INFO = YES;
				ONLY_ACTIVE_ARCH = YES;
				SDKROOT = iphoneos;
				TARGETED_DEVICE_FAMILY = "1,2";
			};
			name = Debug;
		};
		6498E4EB1E9C8AB400E91026 /* Release */ = {
			isa = XCBuildConfiguration;
			buildSettings = {
				ALWAYS_SEARCH_USER_PATHS = NO;
				CLANG_ANALYZER_NONNULL = YES;
				CLANG_CXX_LANGUAGE_STANDARD = "gnu++0x";
				CLANG_CXX_LIBRARY = "libc++";
				CLANG_ENABLE_MODULES = YES;
				CLANG_ENABLE_OBJC_ARC = YES;
				CLANG_WARN_BOOL_CONVERSION = YES;
				CLANG_WARN_CONSTANT_CONVERSION = YES;
				CLANG_WARN_DIRECT_OBJC_ISA_USAGE = YES_ERROR;
				CLANG_WARN_DOCUMENTATION_COMMENTS = YES;
				CLANG_WARN_EMPTY_BODY = YES;
				CLANG_WARN_ENUM_CONVERSION = YES;
				CLANG_WARN_INFINITE_RECURSION = YES;
				CLANG_WARN_INT_CONVERSION = YES;
				CLANG_WARN_OBJC_ROOT_CLASS = YES_ERROR;
				CLANG_WARN_SUSPICIOUS_MOVE = YES;
				CLANG_WARN_UNREACHABLE_CODE = YES;
				CLANG_WARN__DUPLICATE_METHOD_MATCH = YES;
				"CODE_SIGN_IDENTITY[sdk=iphoneos*]" = "iPhone Developer";
				COPY_PHASE_STRIP = NO;
				DEBUG_INFORMATION_FORMAT = "dwarf-with-dsym";
				ENABLE_NS_ASSERTIONS = NO;
				ENABLE_STRICT_OBJC_MSGSEND = YES;
				GCC_C_LANGUAGE_STANDARD = gnu99;
				GCC_NO_COMMON_BLOCKS = YES;
				GCC_WARN_64_TO_32_BIT_CONVERSION = YES;
				GCC_WARN_ABOUT_RETURN_TYPE = YES_ERROR;
				GCC_WARN_UNDECLARED_SELECTOR = YES;
				GCC_WARN_UNINITIALIZED_AUTOS = YES_AGGRESSIVE;
				GCC_WARN_UNUSED_FUNCTION = YES;
				GCC_WARN_UNUSED_VARIABLE = YES;
				IPHONEOS_DEPLOYMENT_TARGET = 10.2;
				MTL_ENABLE_DEBUG_INFO = NO;
				SDKROOT = iphoneos;
				TARGETED_DEVICE_FAMILY = "1,2";
				VALIDATE_PRODUCT = YES;
			};
			name = Release;
		};
		6498E4ED1E9C8AB400E91026 /* Debug */ = {
			isa = XCBuildConfiguration;
			baseConfigurationReference = A297887B7E5BDA0121A1C996 /* Pods-MyVideo.debug.xcconfig */;
			buildSettings = {
				ASSETCATALOG_COMPILER_APPICON_NAME = AppIcon;
				DEVELOPMENT_TEAM = TK984C3P5L;
				FRAMEWORK_SEARCH_PATHS = (
					"$(inherited)",
					"$(PROJECT_DIR)/MyVideo/MovieVideo/ShareSDK",
					"$(PROJECT_DIR)/MyVideo/MovieVideo/ShareSDK/Support/Optional",
					"$(PROJECT_DIR)/MyVideo/MovieVideo/ShareSDK/Support/PlatformConnector",
					"$(PROJECT_DIR)/MyVideo/MovieVideo/ShareSDK/Support/PlatformSDK/FacebookMessengerSDK",
					"$(PROJECT_DIR)/MyVideo/MovieVideo/ShareSDK/Support/PlatformSDK/KaKaoSDK",
					"$(PROJECT_DIR)/MyVideo/MovieVideo/ShareSDK/Support/PlatformSDK/MPShareSDK",
					"$(PROJECT_DIR)/MyVideo/MovieVideo/ShareSDK/Support/PlatformSDK/QQSDK",
					"$(PROJECT_DIR)/MyVideo/MovieVideo/ShareSDK/Support/Required",
					"$(PROJECT_DIR)",
				);
				GCC_PRECOMPILE_PREFIX_HEADER = YES;
				GCC_PREFIX_HEADER = MyVideo/PrefixHeader.pch;
				INFOPLIST_FILE = MyVideo/Info.plist;
				IPHONEOS_DEPLOYMENT_TARGET = 8.0;
				LD_RUNPATH_SEARCH_PATHS = "$(inherited) @executable_path/Frameworks";
				LIBRARY_SEARCH_PATHS = (
					"$(inherited)",
					"$(PROJECT_DIR)/MyVideo/MovieVideo/GreatVideo/AdmobSDK/libs",
					"$(PROJECT_DIR)/MyVideo/MovieVideo/ShareSDK/Support/PlatformSDK/APSocialSDK",
					"$(PROJECT_DIR)/MyVideo/MovieVideo/ShareSDK/Support/PlatformSDK/SinaWeiboSDK",
					"$(PROJECT_DIR)/MyVideo/MovieVideo/ShareSDK/Support/PlatformSDK/WeChatSDK",
					"$(PROJECT_DIR)/MyVideo/MovieVideo/GDTSDK/libs",
				);
				PRODUCT_BUNDLE_IDENTIFIER = com.shenn13.MyVideo;
				PRODUCT_NAME = "$(TARGET_NAME)";
			};
			name = Debug;
		};
		6498E4EE1E9C8AB400E91026 /* Release */ = {
			isa = XCBuildConfiguration;
			baseConfigurationReference = 98DC2B970AA6A32653B466D2 /* Pods-MyVideo.release.xcconfig */;
			buildSettings = {
				ASSETCATALOG_COMPILER_APPICON_NAME = AppIcon;
				DEVELOPMENT_TEAM = TK984C3P5L;
				FRAMEWORK_SEARCH_PATHS = (
					"$(inherited)",
					"$(PROJECT_DIR)/MyVideo/MovieVideo/ShareSDK",
					"$(PROJECT_DIR)/MyVideo/MovieVideo/ShareSDK/Support/Optional",
					"$(PROJECT_DIR)/MyVideo/MovieVideo/ShareSDK/Support/PlatformConnector",
					"$(PROJECT_DIR)/MyVideo/MovieVideo/ShareSDK/Support/PlatformSDK/FacebookMessengerSDK",
					"$(PROJECT_DIR)/MyVideo/MovieVideo/ShareSDK/Support/PlatformSDK/KaKaoSDK",
					"$(PROJECT_DIR)/MyVideo/MovieVideo/ShareSDK/Support/PlatformSDK/MPShareSDK",
					"$(PROJECT_DIR)/MyVideo/MovieVideo/ShareSDK/Support/PlatformSDK/QQSDK",
					"$(PROJECT_DIR)/MyVideo/MovieVideo/ShareSDK/Support/Required",
					"$(PROJECT_DIR)",
				);
				GCC_PRECOMPILE_PREFIX_HEADER = YES;
				GCC_PREFIX_HEADER = MyVideo/PrefixHeader.pch;
				INFOPLIST_FILE = MyVideo/Info.plist;
				IPHONEOS_DEPLOYMENT_TARGET = 8.0;
				LD_RUNPATH_SEARCH_PATHS = "$(inherited) @executable_path/Frameworks";
				LIBRARY_SEARCH_PATHS = (
					"$(inherited)",
					"$(PROJECT_DIR)/MyVideo/MovieVideo/GreatVideo/AdmobSDK/libs",
					"$(PROJECT_DIR)/MyVideo/MovieVideo/ShareSDK/Support/PlatformSDK/APSocialSDK",
					"$(PROJECT_DIR)/MyVideo/MovieVideo/ShareSDK/Support/PlatformSDK/SinaWeiboSDK",
					"$(PROJECT_DIR)/MyVideo/MovieVideo/ShareSDK/Support/PlatformSDK/WeChatSDK",
					"$(PROJECT_DIR)/MyVideo/MovieVideo/GDTSDK/libs",
				);
				PRODUCT_BUNDLE_IDENTIFIER = com.shenn13.MyVideo;
				PRODUCT_NAME = "$(TARGET_NAME)";
			};
			name = Release;
		};
		6498E4F01E9C8AB400E91026 /* Debug */ = {
			isa = XCBuildConfiguration;
			buildSettings = {
				BUNDLE_LOADER = "$(TEST_HOST)";
				DEVELOPMENT_TEAM = 3LNCXDL3W9;
				INFOPLIST_FILE = MyVideoTests/Info.plist;
				LD_RUNPATH_SEARCH_PATHS = "$(inherited) @executable_path/Frameworks @loader_path/Frameworks";
				PRODUCT_BUNDLE_IDENTIFIER = com.shenn13.MyVideoTests;
				PRODUCT_NAME = "$(TARGET_NAME)";
				TEST_HOST = "$(BUILT_PRODUCTS_DIR)/MyVideo.app/MyVideo";
			};
			name = Debug;
		};
		6498E4F11E9C8AB400E91026 /* Release */ = {
			isa = XCBuildConfiguration;
			buildSettings = {
				BUNDLE_LOADER = "$(TEST_HOST)";
				DEVELOPMENT_TEAM = 3LNCXDL3W9;
				INFOPLIST_FILE = MyVideoTests/Info.plist;
				LD_RUNPATH_SEARCH_PATHS = "$(inherited) @executable_path/Frameworks @loader_path/Frameworks";
				PRODUCT_BUNDLE_IDENTIFIER = com.shenn13.MyVideoTests;
				PRODUCT_NAME = "$(TARGET_NAME)";
				TEST_HOST = "$(BUILT_PRODUCTS_DIR)/MyVideo.app/MyVideo";
			};
			name = Release;
		};
		6498E4F31E9C8AB400E91026 /* Debug */ = {
			isa = XCBuildConfiguration;
			buildSettings = {
				DEVELOPMENT_TEAM = 3LNCXDL3W9;
				INFOPLIST_FILE = MyVideoUITests/Info.plist;
				LD_RUNPATH_SEARCH_PATHS = "$(inherited) @executable_path/Frameworks @loader_path/Frameworks";
				PRODUCT_BUNDLE_IDENTIFIER = com.shenn13.MyVideoUITests;
				PRODUCT_NAME = "$(TARGET_NAME)";
				TEST_TARGET_NAME = MyVideo;
			};
			name = Debug;
		};
		6498E4F41E9C8AB400E91026 /* Release */ = {
			isa = XCBuildConfiguration;
			buildSettings = {
				DEVELOPMENT_TEAM = 3LNCXDL3W9;
				INFOPLIST_FILE = MyVideoUITests/Info.plist;
				LD_RUNPATH_SEARCH_PATHS = "$(inherited) @executable_path/Frameworks @loader_path/Frameworks";
				PRODUCT_BUNDLE_IDENTIFIER = com.shenn13.MyVideoUITests;
				PRODUCT_NAME = "$(TARGET_NAME)";
				TEST_TARGET_NAME = MyVideo;
			};
			name = Release;
		};
/* End XCBuildConfiguration section */

/* Begin XCConfigurationList section */
		6498E4BA1E9C8AB300E91026 /* Build configuration list for PBXProject "MyVideo" */ = {
			isa = XCConfigurationList;
			buildConfigurations = (
				6498E4EA1E9C8AB400E91026 /* Debug */,
				6498E4EB1E9C8AB400E91026 /* Release */,
			);
			defaultConfigurationIsVisible = 0;
			defaultConfigurationName = Release;
		};
		6498E4EC1E9C8AB400E91026 /* Build configuration list for PBXNativeTarget "MyVideo" */ = {
			isa = XCConfigurationList;
			buildConfigurations = (
				6498E4ED1E9C8AB400E91026 /* Debug */,
				6498E4EE1E9C8AB400E91026 /* Release */,
			);
			defaultConfigurationIsVisible = 0;
			defaultConfigurationName = Release;
		};
		6498E4EF1E9C8AB400E91026 /* Build configuration list for PBXNativeTarget "MyVideoTests" */ = {
			isa = XCConfigurationList;
			buildConfigurations = (
				6498E4F01E9C8AB400E91026 /* Debug */,
				6498E4F11E9C8AB400E91026 /* Release */,
			);
			defaultConfigurationIsVisible = 0;
			defaultConfigurationName = Release;
		};
		6498E4F21E9C8AB400E91026 /* Build configuration list for PBXNativeTarget "MyVideoUITests" */ = {
			isa = XCConfigurationList;
			buildConfigurations = (
				6498E4F31E9C8AB400E91026 /* Debug */,
				6498E4F41E9C8AB400E91026 /* Release */,
			);
			defaultConfigurationIsVisible = 0;
			defaultConfigurationName = Release;
		};
/* End XCConfigurationList section */
	};
	rootObject = 6498E4B71E9C8AB300E91026 /* Project object */;
}
